
Microsoft Visual Studio Solution File, Format Version 12.00
# Visual Studio Version 16
VisualStudioVersion = 16.0.30907.101
MinimumVisualStudioVersion = 10.0.40219.1
Project("{FAE04EC0-301F-11D3-BF4B-00C04F79EFBC}") = "nulcommon", "nulCommon\nulcommon\nulcommon.csproj", "{3D546F44-41B2-442F-8C1C-BF3AD471B686}"
EndProject
Project("{FAE04EC0-301F-11D3-BF4B-00C04F79EFBC}") = "MSPB", "MSPB\MSPB.csproj", "{84C8D061-1710-49AE-969E-A0FD569F975F}"
	ProjectSection(ProjectDependencies) = postProject
		{D64B623E-8F80-4F9B-A425-51BD17EBC62E} = {D64B623E-8F80-4F9B-A425-51BD17EBC62E}
		{1A554F50-A09F-4B5E-A072-E052B4245BF8} = {1A554F50-A09F-4B5E-A072-E052B4245BF8}
		{6077726A-AD00-4F88-84C6-A3E9C7EB9FAE} = {6077726A-AD00-4F88-84C6-A3E9C7EB9FAE}
		{F7808495-835C-4D77-8C78-B3B7BF409EB3} = {F7808495-835C-4D77-8C78-B3B7BF409EB3}
		{314A71AD-A634-4863-8174-57C5203B6517} = {314A71AD-A634-4863-8174-57C5203B6517}
		{5E3BC3B1-9D73-417C-81FE-581F90A8C6A7} = {5E3BC3B1-9D73-417C-81FE-581F90A8C6A7}
		{687EFAB2-A8E0-4D93-A62A-72516DAA3048} = {687EFAB2-A8E0-4D93-A62A-72516DAA3048}
		{5D850EF5-BA21-419B-BA5A-FB414BF390DE} = {5D850EF5-BA21-419B-BA5A-FB414BF390DE}
	EndProjectSection
EndProject
Project("{FAE04EC0-301F-11D3-BF4B-00C04F79EFBC}") = "MSPB001", "MSPB001\MSPB001.csproj", "{D64B623E-8F80-4F9B-A425-51BD17EBC62E}"
EndProject
Project("{FAE04EC0-301F-11D3-BF4B-00C04F79EFBC}") = "MSPB002", "MSPB002\MSPB002.csproj", "{5E3BC3B1-9D73-417C-81FE-581F90A8C6A7}"
EndProject
Project("{FAE04EC0-301F-11D3-BF4B-00C04F79EFBC}") = "Common", "COMMON\Common.csproj", "{687EFAB2-A8E0-4D93-A62A-72516DAA3048}"
EndProject
Project("{FAE04EC0-301F-11D3-BF4B-00C04F79EFBC}") = "MSPB003", "MSPB003\MSPB003.csproj", "{6077726A-AD00-4F88-84C6-A3E9C7EB9FAE}"
EndProject
Project("{FAE04EC0-301F-11D3-BF4B-00C04F79EFBC}") = "MSPB004", "MSPB004\MSPB004.csproj", "{1A554F50-A09F-4B5E-A072-E052B4245BF8}"
EndProject
Project("{FAE04EC0-301F-11D3-BF4B-00C04F79EFBC}") = "MSPB005", "MSPB005\MSPB005.csproj", "{314A71AD-A634-4863-8174-57C5203B6517}"
EndProject
Project("{FAE04EC0-301F-11D3-BF4B-00C04F79EFBC}") = "MSPB006", "MSPB006\MSPB006.csproj", "{5D850EF5-BA21-419B-BA5A-FB414BF390DE}"
EndProject
Project("{FAE04EC0-301F-11D3-BF4B-00C04F79EFBC}") = "MSPB007", "MSPB007\MSPB007.csproj", "{F7808495-835C-4D77-8C78-B3B7BF409EB3}"
EndProject
Project("{FAE04EC0-301F-11D3-BF4B-00C04F79EFBC}") = "MSPB008", "MSPB008\MSPB008.csproj", "{6E95BE57-0F8E-4760-A347-7BDFEA059083}"
EndProject
Project("{FAE04EC0-301F-11D3-BF4B-00C04F79EFBC}") = "MSPB009", "MSPB009\MSPB009.csproj", "{5CD3C1EF-D7E7-4132-99FD-44BDF689C49B}"
EndProject
Project("{FAE04EC0-301F-11D3-BF4B-00C04F79EFBC}") = "MSPB010", "MSPB010\MSPB010.csproj", "{DCD0973B-50AB-41F5-BDC2-4074DFC6435B}"
EndProject
Project("{FAE04EC0-301F-11D3-BF4B-00C04F79EFBC}") = "MSPB012", "MSPB012\MSPB012.csproj", "{4320B134-9F57-496D-BCAE-C1EC4379539C}"
EndProject
Global
	GlobalSection(SolutionConfigurationPlatforms) = preSolution
		Debug|Any CPU = Debug|Any CPU
		Release|Any CPU = Release|Any CPU
	EndGlobalSection
	GlobalSection(ProjectConfigurationPlatforms) = postSolution
		{3D546F44-41B2-442F-8C1C-BF3AD471B686}.Debug|Any CPU.ActiveCfg = Debug|Any CPU
		{3D546F44-41B2-442F-8C1C-BF3AD471B686}.Debug|Any CPU.Build.0 = Debug|Any CPU
		{3D546F44-41B2-442F-8C1C-BF3AD471B686}.Release|Any CPU.ActiveCfg = Release|Any CPU
		{3D546F44-41B2-442F-8C1C-BF3AD471B686}.Release|Any CPU.Build.0 = Release|Any CPU
		{84C8D061-1710-49AE-969E-A0FD569F975F}.Debug|Any CPU.ActiveCfg = Debug|Any CPU
		{84C8D061-1710-49AE-969E-A0FD569F975F}.Debug|Any CPU.Build.0 = Debug|Any CPU
		{84C8D061-1710-49AE-969E-A0FD569F975F}.Release|Any CPU.ActiveCfg = Release|Any CPU
		{84C8D061-1710-49AE-969E-A0FD569F975F}.Release|Any CPU.Build.0 = Release|Any CPU
		{D64B623E-8F80-4F9B-A425-51BD17EBC62E}.Debug|Any CPU.ActiveCfg = Debug|Any CPU
		{D64B623E-8F80-4F9B-A425-51BD17EBC62E}.Debug|Any CPU.Build.0 = Debug|Any CPU
		{D64B623E-8F80-4F9B-A425-51BD17EBC62E}.Release|Any CPU.ActiveCfg = Release|Any CPU
		{D64B623E-8F80-4F9B-A425-51BD17EBC62E}.Release|Any CPU.Build.0 = Release|Any CPU
		{5E3BC3B1-9D73-417C-81FE-581F90A8C6A7}.Debug|Any CPU.ActiveCfg = Debug|Any CPU
		{5E3BC3B1-9D73-417C-81FE-581F90A8C6A7}.Debug|Any CPU.Build.0 = Debug|Any CPU
		{5E3BC3B1-9D73-417C-81FE-581F90A8C6A7}.Release|Any CPU.ActiveCfg = Release|Any CPU
		{5E3BC3B1-9D73-417C-81FE-581F90A8C6A7}.Release|Any CPU.Build.0 = Release|Any CPU
		{687EFAB2-A8E0-4D93-A62A-72516DAA3048}.Debug|Any CPU.ActiveCfg = Debug|Any CPU
		{687EFAB2-A8E0-4D93-A62A-72516DAA3048}.Debug|Any CPU.Build.0 = Debug|Any CPU
		{687EFAB2-A8E0-4D93-A62A-72516DAA3048}.Release|Any CPU.ActiveCfg = Release|Any CPU
		{687EFAB2-A8E0-4D93-A62A-72516DAA3048}.Release|Any CPU.Build.0 = Release|Any CPU
		{6077726A-AD00-4F88-84C6-A3E9C7EB9FAE}.Debug|Any CPU.ActiveCfg = Debug|Any CPU
		{6077726A-AD00-4F88-84C6-A3E9C7EB9FAE}.Debug|Any CPU.Build.0 = Debug|Any CPU
		{6077726A-AD00-4F88-84C6-A3E9C7EB9FAE}.Release|Any CPU.ActiveCfg = Release|Any CPU
		{6077726A-AD00-4F88-84C6-A3E9C7EB9FAE}.Release|Any CPU.Build.0 = Release|Any CPU
		{1A554F50-A09F-4B5E-A072-E052B4245BF8}.Debug|Any CPU.ActiveCfg = Debug|Any CPU
		{1A554F50-A09F-4B5E-A072-E052B4245BF8}.Debug|Any CPU.Build.0 = Debug|Any CPU
		{1A554F50-A09F-4B5E-A072-E052B4245BF8}.Release|Any CPU.ActiveCfg = Release|Any CPU
		{1A554F50-A09F-4B5E-A072-E052B4245BF8}.Release|Any CPU.Build.0 = Release|Any CPU
		{314A71AD-A634-4863-8174-57C5203B6517}.Debug|Any CPU.ActiveCfg = Debug|Any CPU
		{314A71AD-A634-4863-8174-57C5203B6517}.Debug|Any CPU.Build.0 = Debug|Any CPU
		{314A71AD-A634-4863-8174-57C5203B6517}.Release|Any CPU.ActiveCfg = Release|Any CPU
		{314A71AD-A634-4863-8174-57C5203B6517}.Release|Any CPU.Build.0 = Release|Any CPU
		{5D850EF5-BA21-419B-BA5A-FB414BF390DE}.Debug|Any CPU.ActiveCfg = Debug|Any CPU
		{5D850EF5-BA21-419B-BA5A-FB414BF390DE}.Debug|Any CPU.Build.0 = Debug|Any CPU
		{5D850EF5-BA21-419B-BA5A-FB414BF390DE}.Release|Any CPU.ActiveCfg = Release|Any CPU
		{5D850EF5-BA21-419B-BA5A-FB414BF390DE}.Release|Any CPU.Build.0 = Release|Any CPU
		{F7808495-835C-4D77-8C78-B3B7BF409EB3}.Debug|Any CPU.ActiveCfg = Debug|Any CPU
		{F7808495-835C-4D77-8C78-B3B7BF409EB3}.Debug|Any CPU.Build.0 = Debug|Any CPU
		{F7808495-835C-4D77-8C78-B3B7BF409EB3}.Release|Any CPU.ActiveCfg = Release|Any CPU
		{F7808495-835C-4D77-8C78-B3B7BF409EB3}.Release|Any CPU.Build.0 = Release|Any CPU
		{6E95BE57-0F8E-4760-A347-7BDFEA059083}.Debug|Any CPU.ActiveCfg = Debug|Any CPU
		{6E95BE57-0F8E-4760-A347-7BDFEA059083}.Debug|Any CPU.Build.0 = Debug|Any CPU
		{6E95BE57-0F8E-4760-A347-7BDFEA059083}.Release|Any CPU.ActiveCfg = Release|Any CPU
		{6E95BE57-0F8E-4760-A347-7BDFEA059083}.Release|Any CPU.Build.0 = Release|Any CPU
		{5CD3C1EF-D7E7-4132-99FD-44BDF689C49B}.Debug|Any CPU.ActiveCfg = Debug|Any CPU
		{5CD3C1EF-D7E7-4132-99FD-44BDF689C49B}.Debug|Any CPU.Build.0 = Debug|Any CPU
		{5CD3C1EF-D7E7-4132-99FD-44BDF689C49B}.Release|Any CPU.ActiveCfg = Release|Any CPU
		{5CD3C1EF-D7E7-4132-99FD-44BDF689C49B}.Release|Any CPU.Build.0 = Release|Any CPU
		{DCD0973B-50AB-41F5-BDC2-4074DFC6435B}.Debug|Any CPU.ActiveCfg = Debug|Any CPU
		{DCD0973B-50AB-41F5-BDC2-4074DFC6435B}.Debug|Any CPU.Build.0 = Debug|Any CPU
		{DCD0973B-50AB-41F5-BDC2-4074DFC6435B}.Release|Any CPU.ActiveCfg = Release|Any CPU
		{DCD0973B-50AB-41F5-BDC2-4074DFC6435B}.Release|Any CPU.Build.0 = Release|Any CPU
		{4320B134-9F57-496D-BCAE-C1EC4379539C}.Debug|Any CPU.ActiveCfg = Debug|Any CPU
		{4320B134-9F57-496D-BCAE-C1EC4379539C}.Debug|Any CPU.Build.0 = Debug|Any CPU
		{4320B134-9F57-496D-BCAE-C1EC4379539C}.Release|Any CPU.ActiveCfg = Release|Any CPU
		{4320B134-9F57-496D-BCAE-C1EC4379539C}.Release|Any CPU.Build.0 = Release|Any CPU
	EndGlobalSection
	GlobalSection(SolutionProperties) = preSolution
		HideSolutionNode = FALSE
	EndGlobalSection
	GlobalSection(ExtensibilityGlobals) = postSolution
		SolutionGuid = {50866839-23B5-406B-B0C3-352EA21DCA83}
	EndGlobalSection
EndGlobal
